PODS:
  - Asynchronous (0.1.0):
    - Asynchronous/BrightFutures (= 0.1.0)
  - Asynchronous/BrightFutures (0.1.0):
    - BrightFutures
  - BrightFutures (6.0.0):
    - Result (~> 3.2.4)
  - Result (3.2.4)

DEPENDENCIES:
  - Asynchronous (from `../`)

EXTERNAL SOURCES:
  Asynchronous:
    :path: ../

SPEC CHECKSUMS:
  Asynchronous: b3a8620348db8760892c327ef5ecb40689334d1f
  BrightFutures: 9e7604f511aed9f0d6a49b04ac9b3fca6b117758
  Result: d2d07204ce72856f1fd9130bbe42c35a7b0fea10

PODFILE CHECKSUM: a45674941c38c3acb3fb2fde871be68b4642b03f

COCOAPODS: 1.3.1
